
Microsoft Visual Studio Solution File, Format Version 12.00
# Visual Studio Version 16
VisualStudioVersion = 25.0.1704.0
MinimumVisualStudioVersion = 10.0.40219.1
Project("{FAE04EC0-301F-11D3-BF4B-00C04F79EFBC}") = "Desafio1", "Desafio1\Desafio1.csproj", "{8894CFF7-F4E7-4D4F-BA3F-6E1CD409D5B6}"
EndProject
Global
	GlobalSection(SolutionConfigurationPlatforms) = preSolution
		Debug|Any CPU = Debug|Any CPU
		Release|Any CPU = Release|Any CPU
	EndGlobalSection
	GlobalSection(ProjectConfigurationPlatforms) = postSolution
		{8894CFF7-F4E7-4D4F-BA3F-6E1CD409D5B6}.Debug|Any CPU.ActiveCfg = Debug|Any CPU
		{8894CFF7-F4E7-4D4F-BA3F-6E1CD409D5B6}.Debug|Any CPU.Build.0 = Debug|Any CPU
		{8894CFF7-F4E7-4D4F-BA3F-6E1CD409D5B6}.Release|Any CPU.ActiveCfg = Release|Any CPU
		{8894CFF7-F4E7-4D4F-BA3F-6E1CD409D5B6}.Release|Any CPU.Build.0 = Release|Any CPU
	EndGlobalSection
	GlobalSection(SolutionProperties) = preSolution
		HideSolutionNode = FALSE
	EndGlobalSection
	GlobalSection(ExtensibilityGlobals) = postSolution
		SolutionGuid = {0488386F-533E-470B-B502-98537F1F8108}
	EndGlobalSection
EndGlobal
